
Microsoft Visual Studio Solution File, Format Version 12.00
# Visual Studio Version 16
VisualStudioVersion = 16.0.30204.135
MinimumVisualStudioVersion = 10.0.40219.1
Project("{9A19103F-16F7-4668-BE54-9A1E7A4F7556}") = "Demo.Web", "Demo.Web\Demo.Web.csproj", "{2DB25DFC-70C9-4C4D-BC47-43972C5B3494}"
EndProject
Project("{9A19103F-16F7-4668-BE54-9A1E7A4F7556}") = "Demo.Web.Api", "Demo.Web.Api\Demo.Web.Api.csproj", "{E1954796-F5B3-43AC-B800-4AEBBE479363}"
EndProject
Project("{9A19103F-16F7-4668-BE54-9A1E7A4F7556}") = "Demo.SharedKernel", "Demo.SharedKernel\Demo.SharedKernel.csproj", "{3EA139DB-72A9-4272-9E16-2F4EFEF5CA59}"
EndProject
Project("{9A19103F-16F7-4668-BE54-9A1E7A4F7556}") = "Demo.Todo.Core", "Demo.Todo.Core\Demo.Todo.Core.csproj", "{F840FE5C-F95B-4FA4-9F90-D73371FF0111}"
EndProject
Project("{9A19103F-16F7-4668-BE54-9A1E7A4F7556}") = "Demo.Users.Core", "Demo.Users.Core\Demo.Users.Core.csproj", "{52A69CA3-FCCD-4306-A283-B68E435193D0}"
EndProject
Project("{9A19103F-16F7-4668-BE54-9A1E7A4F7556}") = "Demo.SharedKernel.Data", "Demo.SharedKernel.Data\Demo.SharedKernel.Data.csproj", "{F5F70B8A-91B6-4BA2-BD6B-057D99103D87}"
EndProject
Project("{9A19103F-16F7-4668-BE54-9A1E7A4F7556}") = "Demo.Todo.Infrastructure", "Demo.Todo.Infrastructure\Demo.Todo.Infrastructure.csproj", "{70A7CDA6-B814-46F9-A111-F80712E3AAC0}"
EndProject
Project("{9A19103F-16F7-4668-BE54-9A1E7A4F7556}") = "Demo.Users.Infrastructure", "Demo.Users.Infrastructure\Demo.Users.Infrastructure.csproj", "{FCE81082-3AB9-4A97-8598-244C1DD5DC00}"
EndProject
Global
	GlobalSection(SolutionConfigurationPlatforms) = preSolution
		Debug|Any CPU = Debug|Any CPU
		Release|Any CPU = Release|Any CPU
	EndGlobalSection
	GlobalSection(ProjectConfigurationPlatforms) = postSolution
		{2DB25DFC-70C9-4C4D-BC47-43972C5B3494}.Debug|Any CPU.ActiveCfg = Debug|Any CPU
		{2DB25DFC-70C9-4C4D-BC47-43972C5B3494}.Debug|Any CPU.Build.0 = Debug|Any CPU
		{2DB25DFC-70C9-4C4D-BC47-43972C5B3494}.Release|Any CPU.ActiveCfg = Release|Any CPU
		{2DB25DFC-70C9-4C4D-BC47-43972C5B3494}.Release|Any CPU.Build.0 = Release|Any CPU
		{E1954796-F5B3-43AC-B800-4AEBBE479363}.Debug|Any CPU.ActiveCfg = Debug|Any CPU
		{E1954796-F5B3-43AC-B800-4AEBBE479363}.Debug|Any CPU.Build.0 = Debug|Any CPU
		{E1954796-F5B3-43AC-B800-4AEBBE479363}.Release|Any CPU.ActiveCfg = Release|Any CPU
		{E1954796-F5B3-43AC-B800-4AEBBE479363}.Release|Any CPU.Build.0 = Release|Any CPU
		{3EA139DB-72A9-4272-9E16-2F4EFEF5CA59}.Debug|Any CPU.ActiveCfg = Debug|Any CPU
		{3EA139DB-72A9-4272-9E16-2F4EFEF5CA59}.Debug|Any CPU.Build.0 = Debug|Any CPU
		{3EA139DB-72A9-4272-9E16-2F4EFEF5CA59}.Release|Any CPU.ActiveCfg = Release|Any CPU
		{3EA139DB-72A9-4272-9E16-2F4EFEF5CA59}.Release|Any CPU.Build.0 = Release|Any CPU
		{F840FE5C-F95B-4FA4-9F90-D73371FF0111}.Debug|Any CPU.ActiveCfg = Debug|Any CPU
		{F840FE5C-F95B-4FA4-9F90-D73371FF0111}.Debug|Any CPU.Build.0 = Debug|Any CPU
		{F840FE5C-F95B-4FA4-9F90-D73371FF0111}.Release|Any CPU.ActiveCfg = Release|Any CPU
		{F840FE5C-F95B-4FA4-9F90-D73371FF0111}.Release|Any CPU.Build.0 = Release|Any CPU
		{52A69CA3-FCCD-4306-A283-B68E435193D0}.Debug|Any CPU.ActiveCfg = Debug|Any CPU
		{52A69CA3-FCCD-4306-A283-B68E435193D0}.Debug|Any CPU.Build.0 = Debug|Any CPU
		{52A69CA3-FCCD-4306-A283-B68E435193D0}.Release|Any CPU.ActiveCfg = Release|Any CPU
		{52A69CA3-FCCD-4306-A283-B68E435193D0}.Release|Any CPU.Build.0 = Release|Any CPU
		{F5F70B8A-91B6-4BA2-BD6B-057D99103D87}.Debug|Any CPU.ActiveCfg = Debug|Any CPU
		{F5F70B8A-91B6-4BA2-BD6B-057D99103D87}.Debug|Any CPU.Build.0 = Debug|Any CPU
		{F5F70B8A-91B6-4BA2-BD6B-057D99103D87}.Release|Any CPU.ActiveCfg = Release|Any CPU
		{F5F70B8A-91B6-4BA2-BD6B-057D99103D87}.Release|Any CPU.Build.0 = Release|Any CPU
		{70A7CDA6-B814-46F9-A111-F80712E3AAC0}.Debug|Any CPU.ActiveCfg = Debug|Any CPU
		{70A7CDA6-B814-46F9-A111-F80712E3AAC0}.Debug|Any CPU.Build.0 = Debug|Any CPU
		{70A7CDA6-B814-46F9-A111-F80712E3AAC0}.Release|Any CPU.ActiveCfg = Release|Any CPU
		{70A7CDA6-B814-46F9-A111-F80712E3AAC0}.Release|Any CPU.Build.0 = Release|Any CPU
		{FCE81082-3AB9-4A97-8598-244C1DD5DC00}.Debug|Any CPU.ActiveCfg = Debug|Any CPU
		{FCE81082-3AB9-4A97-8598-244C1DD5DC00}.Debug|Any CPU.Build.0 = Debug|Any CPU
		{FCE81082-3AB9-4A97-8598-244C1DD5DC00}.Release|Any CPU.ActiveCfg = Release|Any CPU
		{FCE81082-3AB9-4A97-8598-244C1DD5DC00}.Release|Any CPU.Build.0 = Release|Any CPU
	EndGlobalSection
	GlobalSection(SolutionProperties) = preSolution
		HideSolutionNode = FALSE
	EndGlobalSection
	GlobalSection(ExtensibilityGlobals) = postSolution
		SolutionGuid = {9DA34BEC-CE08-4495-AC3A-437F44DE4000}
	EndGlobalSection
EndGlobal
